
Microsoft Visual Studio Solution File, Format Version 12.00
# Visual Studio Version 16
VisualStudioVersion = 16.0.30128.74
MinimumVisualStudioVersion = 10.0.40219.1
Project("{FAE04EC0-301F-11D3-BF4B-00C04F79EFBC}") = "WebApplication15", "WebApplication15\WebApplication15.csproj", "{022878EA-CD04-4CA5-A116-363200853BEC}"
EndProject
Global
	GlobalSection(SolutionConfigurationPlatforms) = preSolution
		Debug|Any CPU = Debug|Any CPU
		Release|Any CPU = Release|Any CPU
	EndGlobalSection
	GlobalSection(ProjectConfigurationPlatforms) = postSolution
		{022878EA-CD04-4CA5-A116-363200853BEC}.Debug|Any CPU.ActiveCfg = Debug|Any CPU
		{022878EA-CD04-4CA5-A116-363200853BEC}.Debug|Any CPU.Build.0 = Debug|Any CPU
		{022878EA-CD04-4CA5-A116-363200853BEC}.Release|Any CPU.ActiveCfg = Release|Any CPU
		{022878EA-CD04-4CA5-A116-363200853BEC}.Release|Any CPU.Build.0 = Release|Any CPU
	EndGlobalSection
	GlobalSection(SolutionProperties) = preSolution
		HideSolutionNode = FALSE
	EndGlobalSection
	GlobalSection(ExtensibilityGlobals) = postSolution
		SolutionGuid = {C223771C-DB04-4439-A326-CD860E52EA8E}
	EndGlobalSection
EndGlobal
